Microsoft Visual Studio Solution File, Format Version 11.00
# Visual Studio 2008

Project("{7F2AC886-CD75-9C15-CB9E-8F2C54022664}") = "STOP!", "Assembly-CSharp-firstpass.csproj", "{69EE45F1-50AA-08F7-69B3-C27656A0DBA6}"
EndProject
Project("{7F2AC886-CD75-9C15-CB9E-8F2C54022664}") = "STOP!", "Assembly-CSharp.csproj", "{0AFFDEE4-C03E-C635-0BAF-85BDFE557033}"
EndProject
Project("{7F2AC886-CD75-9C15-CB9E-8F2C54022664}") = "STOP!", "Assembly-CSharp-Editor.csproj", "{F0604A9D-ABD2-46BC-10A4-C223B0719897}"
EndProject
Global
	GlobalSection(SolutionConfigurationPlatforms) = preSolution
		Debug|Any CPU = Debug|Any CPU
		Release|Any CPU = Release|Any CPU
	EndGlobalSection
	GlobalSection(ProjectConfigurationPlatforms) = postSolution
		{69EE45F1-50AA-08F7-69B3-C27656A0DBA6}.Debug|Any CPU.ActiveCfg = Debug|Any CPU
		{69EE45F1-50AA-08F7-69B3-C27656A0DBA6}.Debug|Any CPU.Build.0 = Debug|Any CPU
		{69EE45F1-50AA-08F7-69B3-C27656A0DBA6}.Release|Any CPU.ActiveCfg = Release|Any CPU
		{69EE45F1-50AA-08F7-69B3-C27656A0DBA6}.Release|Any CPU.Build.0 = Release|Any CPU
		{0AFFDEE4-C03E-C635-0BAF-85BDFE557033}.Debug|Any CPU.ActiveCfg = Debug|Any CPU
		{0AFFDEE4-C03E-C635-0BAF-85BDFE557033}.Debug|Any CPU.Build.0 = Debug|Any CPU
		{0AFFDEE4-C03E-C635-0BAF-85BDFE557033}.Release|Any CPU.ActiveCfg = Release|Any CPU
		{0AFFDEE4-C03E-C635-0BAF-85BDFE557033}.Release|Any CPU.Build.0 = Release|Any CPU
		{F0604A9D-ABD2-46BC-10A4-C223B0719897}.Debug|Any CPU.ActiveCfg = Debug|Any CPU
		{F0604A9D-ABD2-46BC-10A4-C223B0719897}.Debug|Any CPU.Build.0 = Debug|Any CPU
		{F0604A9D-ABD2-46BC-10A4-C223B0719897}.Release|Any CPU.ActiveCfg = Release|Any CPU
		{F0604A9D-ABD2-46BC-10A4-C223B0719897}.Release|Any CPU.Build.0 = Release|Any CPU
	EndGlobalSection
	GlobalSection(SolutionProperties) = preSolution
		HideSolutionNode = FALSE
	EndGlobalSection
	GlobalSection(MonoDevelopProperties) = preSolution
		StartupItem = Assembly-CSharp.csproj
	EndGlobalSection
EndGlobal
